
Microsoft Visual Studio Solution File, Format Version 12.00
# Visual Studio 15
VisualStudioVersion = 15.0.28010.2048
MinimumVisualStudioVersion = 10.0.40219.1
Project("{FAE04EC0-301F-11D3-BF4B-00C04F79EFBC}") = "AppProject.Android", "AppProject\AppProject.Android\AppProject.Android.csproj", "{90AE7F1A-77A1-4675-873C-CFC8AB24E4FC}"
EndProject
Project("{FAE04EC0-301F-11D3-BF4B-00C04F79EFBC}") = "AppProject.iOS", "AppProject\AppProject.iOS\AppProject.iOS.csproj", "{FDFC5E63-9710-4816-A7C0-64EE247740AD}"
EndProject
Project("{FAE04EC0-301F-11D3-BF4B-00C04F79EFBC}") = "AppProject.UWP", "AppProject\AppProject.UWP\AppProject.UWP.csproj", "{52377424-E554-4D9E-8116-47FB2C36528B}"
EndProject
Project("{FAE04EC0-301F-11D3-BF4B-00C04F79EFBC}") = "AppProject", "AppProject\AppProject\AppProject.csproj", "{8A6632BF-4893-4EB7-9F21-0E8FE407FFE0}"
EndProject
Global
	GlobalSection(SolutionConfigurationPlatforms) = preSolution
		Ad-Hoc|Any CPU = Ad-Hoc|Any CPU
		Ad-Hoc|ARM = Ad-Hoc|ARM
		Ad-Hoc|iPhone = Ad-Hoc|iPhone
		Ad-Hoc|iPhoneSimulator = Ad-Hoc|iPhoneSimulator
		Ad-Hoc|x64 = Ad-Hoc|x64
		Ad-Hoc|x86 = Ad-Hoc|x86
		AppStore|Any CPU = AppStore|Any CPU
		AppStore|ARM = AppStore|ARM
		AppStore|iPhone = AppStore|iPhone
		AppStore|iPhoneSimulator = AppStore|iPhoneSimulator
		AppStore|x64 = AppStore|x64
		AppStore|x86 = AppStore|x86
		Debug|Any CPU = Debug|Any CPU
		Debug|ARM = Debug|ARM
		Debug|iPhone = Debug|iPhone
		Debug|iPhoneSimulator = Debug|iPhoneSimulator
		Debug|x64 = Debug|x64
		Debug|x86 = Debug|x86
		Release|Any CPU = Release|Any CPU
		Release|ARM = Release|ARM
		Release|iPhone = Release|iPhone
		Release|iPhoneSimulator = Release|iPhoneSimulator
		Release|x64 = Release|x64
		Release|x86 = Release|x86
	EndGlobalSection
	GlobalSection(ProjectConfigurationPlatforms) = postSolution
		{90AE7F1A-77A1-4675-873C-CFC8AB24E4FC}.Ad-Hoc|Any CPU.ActiveCfg = Release|Any CPU
		{90AE7F1A-77A1-4675-873C-CFC8AB24E4FC}.Ad-Hoc|Any CPU.Build.0 = Release|Any CPU
		{90AE7F1A-77A1-4675-873C-CFC8AB24E4FC}.Ad-Hoc|Any CPU.Deploy.0 = Release|Any CPU
		{90AE7F1A-77A1-4675-873C-CFC8AB24E4FC}.Ad-Hoc|ARM.ActiveCfg = Release|Any CPU
		{90AE7F1A-77A1-4675-873C-CFC8AB24E4FC}.Ad-Hoc|ARM.Build.0 = Release|Any CPU
		{90AE7F1A-77A1-4675-873C-CFC8AB24E4FC}.Ad-Hoc|ARM.Deploy.0 = Release|Any CPU
		{90AE7F1A-77A1-4675-873C-CFC8AB24E4FC}.Ad-Hoc|iPhone.ActiveCfg = Release|Any CPU
		{90AE7F1A-77A1-4675-873C-CFC8AB24E4FC}.Ad-Hoc|iPhone.Build.0 = Release|Any CPU
		{90AE7F1A-77A1-4675-873C-CFC8AB24E4FC}.Ad-Hoc|iPhone.Deploy.0 = Release|Any CPU
		{90AE7F1A-77A1-4675-873C-CFC8AB24E4FC}.Ad-Hoc|iPhoneSimulator.ActiveCfg = Release|Any CPU
		{90AE7F1A-77A1-4675-873C-CFC8AB24E4FC}.Ad-Hoc|iPhoneSimulator.Build.0 = Release|Any CPU
		{90AE7F1A-77A1-4675-873C-CFC8AB24E4FC}.Ad-Hoc|iPhoneSimulator.Deploy.0 = Release|Any CPU
		{90AE7F1A-77A1-4675-873C-CFC8AB24E4FC}.Ad-Hoc|x64.ActiveCfg = Release|Any CPU
		{90AE7F1A-77A1-4675-873C-CFC8AB24E4FC}.Ad-Hoc|x64.Build.0 = Release|Any CPU
		{90AE7F1A-77A1-4675-873C-CFC8AB24E4FC}.Ad-Hoc|x64.Deploy.0 = Release|Any CPU
		{90AE7F1A-77A1-4675-873C-CFC8AB24E4FC}.Ad-Hoc|x86.ActiveCfg = Release|Any CPU
		{90AE7F1A-77A1-4675-873C-CFC8AB24E4FC}.Ad-Hoc|x86.Build.0 = Release|Any CPU
		{90AE7F1A-77A1-4675-873C-CFC8AB24E4FC}.Ad-Hoc|x86.Deploy.0 = Release|Any CPU
		{90AE7F1A-77A1-4675-873C-CFC8AB24E4FC}.AppStore|Any CPU.ActiveCfg = Release|Any CPU
		{90AE7F1A-77A1-4675-873C-CFC8AB24E4FC}.AppStore|Any CPU.Build.0 = Release|Any CPU
		{90AE7F1A-77A1-4675-873C-CFC8AB24E4FC}.AppStore|Any CPU.Deploy.0 = Release|Any CPU
		{90AE7F1A-77A1-4675-873C-CFC8AB24E4FC}.AppStore|ARM.ActiveCfg = Release|Any CPU
		{90AE7F1A-77A1-4675-873C-CFC8AB24E4FC}.AppStore|ARM.Build.0 = Release|Any CPU
		{90AE7F1A-77A1-4675-873C-CFC8AB24E4FC}.AppStore|ARM.Deploy.0 = Release|Any CPU
		{90AE7F1A-77A1-4675-873C-CFC8AB24E4FC}.AppStore|iPhone.ActiveCfg = Release|Any CPU
		{90AE7F1A-77A1-4675-873C-CFC8AB24E4FC}.AppStore|iPhone.Build.0 = Release|Any CPU
		{90AE7F1A-77A1-4675-873C-CFC8AB24E4FC}.AppStore|iPhone.Deploy.0 = Release|Any CPU
		{90AE7F1A-77A1-4675-873C-CFC8AB24E4FC}.AppStore|iPhoneSimulator.ActiveCfg = Release|Any CPU
		{90AE7F1A-77A1-4675-873C-CFC8AB24E4FC}.AppStore|iPhoneSimulator.Build.0 = Release|Any CPU
		{90AE7F1A-77A1-4675-873C-CFC8AB24E4FC}.AppStore|iPhoneSimulator.Deploy.0 = Release|Any CPU
		{90AE7F1A-77A1-4675-873C-CFC8AB24E4FC}.AppStore|x64.ActiveCfg = Release|Any CPU
		{90AE7F1A-77A1-4675-873C-CFC8AB24E4FC}.AppStore|x64.Build.0 = Release|Any CPU
		{90AE7F1A-77A1-4675-873C-CFC8AB24E4FC}.AppStore|x64.Deploy.0 = Release|Any CPU
		{90AE7F1A-77A1-4675-873C-CFC8AB24E4FC}.AppStore|x86.ActiveCfg = Release|Any CPU
		{90AE7F1A-77A1-4675-873C-CFC8AB24E4FC}.AppStore|x86.Build.0 = Release|Any CPU
		{90AE7F1A-77A1-4675-873C-CFC8AB24E4FC}.AppStore|x86.Deploy.0 = Release|Any CPU
		{90AE7F1A-77A1-4675-873C-CFC8AB24E4FC}.Debug|Any CPU.ActiveCfg = Debug|Any CPU
		{90AE7F1A-77A1-4675-873C-CFC8AB24E4FC}.Debug|Any CPU.Build.0 = Debug|Any CPU
		{90AE7F1A-77A1-4675-873C-CFC8AB24E4FC}.Debug|Any CPU.Deploy.0 = Debug|Any CPU
		{90AE7F1A-77A1-4675-873C-CFC8AB24E4FC}.Debug|ARM.ActiveCfg = Debug|Any CPU
		{90AE7F1A-77A1-4675-873C-CFC8AB24E4FC}.Debug|ARM.Build.0 = Debug|Any CPU
		{90AE7F1A-77A1-4675-873C-CFC8AB24E4FC}.Debug|ARM.Deploy.0 = Debug|Any CPU
		{90AE7F1A-77A1-4675-873C-CFC8AB24E4FC}.Debug|iPhone.ActiveCfg = Debug|Any CPU
		{90AE7F1A-77A1-4675-873C-CFC8AB24E4FC}.Debug|iPhone.Build.0 = Debug|Any CPU
		{90AE7F1A-77A1-4675-873C-CFC8AB24E4FC}.Debug|iPhone.Deploy.0 = Debug|Any CPU
		{90AE7F1A-77A1-4675-873C-CFC8AB24E4FC}.Debug|iPhoneSimulator.ActiveCfg = Debug|Any CPU
		{90AE7F1A-77A1-4675-873C-CFC8AB24E4FC}.Debug|iPhoneSimulator.Build.0 = Debug|Any CPU
		{90AE7F1A-77A1-4675-873C-CFC8AB24E4FC}.Debug|iPhoneSimulator.Deploy.0 = Debug|Any CPU
		{90AE7F1A-77A1-4675-873C-CFC8AB24E4FC}.Debug|x64.ActiveCfg = Debug|Any CPU
		{90AE7F1A-77A1-4675-873C-CFC8AB24E4FC}.Debug|x64.Build.0 = Debug|Any CPU
		{90AE7F1A-77A1-4675-873C-CFC8AB24E4FC}.Debug|x64.Deploy.0 = Debug|Any CPU
		{90AE7F1A-77A1-4675-873C-CFC8AB24E4FC}.Debug|x86.ActiveCfg = Debug|Any CPU
		{90AE7F1A-77A1-4675-873C-CFC8AB24E4FC}.Debug|x86.Build.0 = Debug|Any CPU
		{90AE7F1A-77A1-4675-873C-CFC8AB24E4FC}.Debug|x86.Deploy.0 = Debug|Any CPU
		{90AE7F1A-77A1-4675-873C-CFC8AB24E4FC}.Release|Any CPU.ActiveCfg = Release|Any CPU
		{90AE7F1A-77A1-4675-873C-CFC8AB24E4FC}.Release|Any CPU.Build.0 = Release|Any CPU
		{90AE7F1A-77A1-4675-873C-CFC8AB24E4FC}.Release|Any CPU.Deploy.0 = Release|Any CPU
		{90AE7F1A-77A1-4675-873C-CFC8AB24E4FC}.Release|ARM.ActiveCfg = Release|Any CPU
		{90AE7F1A-77A1-4675-873C-CFC8AB24E4FC}.Release|ARM.Build.0 = Release|Any CPU
		{90AE7F1A-77A1-4675-873C-CFC8AB24E4FC}.Release|ARM.Deploy.0 = Release|Any CPU
		{90AE7F1A-77A1-4675-873C-CFC8AB24E4FC}.Release|iPhone.ActiveCfg = Release|Any CPU
		{90AE7F1A-77A1-4675-873C-CFC8AB24E4FC}.Release|iPhone.Build.0 = Release|Any CPU
		{90AE7F1A-77A1-4675-873C-CFC8AB24E4FC}.Release|iPhone.Deploy.0 = Release|Any CPU
		{90AE7F1A-77A1-4675-873C-CFC8AB24E4FC}.Release|iPhoneSimulator.ActiveCfg = Release|Any CPU
		{90AE7F1A-77A1-4675-873C-CFC8AB24E4FC}.Release|iPhoneSimulator.Build.0 = Release|Any CPU
		{90AE7F1A-77A1-4675-873C-CFC8AB24E4FC}.Release|iPhoneSimulator.Deploy.0 = Release|Any CPU
		{90AE7F1A-77A1-4675-873C-CFC8AB24E4FC}.Release|x64.ActiveCfg = Release|Any CPU
		{90AE7F1A-77A1-4675-873C-CFC8AB24E4FC}.Release|x64.Build.0 = Release|Any CPU
		{90AE7F1A-77A1-4675-873C-CFC8AB24E4FC}.Release|x64.Deploy.0 = Release|Any CPU
		{90AE7F1A-77A1-4675-873C-CFC8AB24E4FC}.Release|x86.ActiveCfg = Release|Any CPU
		{90AE7F1A-77A1-4675-873C-CFC8AB24E4FC}.Release|x86.Build.0 = Release|Any CPU
		{90AE7F1A-77A1-4675-873C-CFC8AB24E4FC}.Release|x86.Deploy.0 = Release|Any CPU
		{FDFC5E63-9710-4816-A7C0-64EE247740AD}.Ad-Hoc|Any CPU.ActiveCfg = Ad-Hoc|iPhone
		{FDFC5E63-9710-4816-A7C0-64EE247740AD}.Ad-Hoc|Any CPU.Build.0 = Ad-Hoc|iPhone
		{FDFC5E63-9710-4816-A7C0-64EE247740AD}.Ad-Hoc|Any CPU.Deploy.0 = Ad-Hoc|iPhone
		{FDFC5E63-9710-4816-A7C0-64EE247740AD}.Ad-Hoc|ARM.ActiveCfg = Ad-Hoc|iPhone
		{FDFC5E63-9710-4816-A7C0-64EE247740AD}.Ad-Hoc|ARM.Build.0 = Ad-Hoc|iPhone
		{FDFC5E63-9710-4816-A7C0-64EE247740AD}.Ad-Hoc|ARM.Deploy.0 = Ad-Hoc|iPhone
		{FDFC5E63-9710-4816-A7C0-64EE247740AD}.Ad-Hoc|iPhone.ActiveCfg = Ad-Hoc|iPhone
		{FDFC5E63-9710-4816-A7C0-64EE247740AD}.Ad-Hoc|iPhone.Build.0 = Ad-Hoc|iPhone
		{FDFC5E63-9710-4816-A7C0-64EE247740AD}.Ad-Hoc|iPhone.Deploy.0 = Ad-Hoc|iPhone
		{FDFC5E63-9710-4816-A7C0-64EE247740AD}.Ad-Hoc|iPhoneSimulator.ActiveCfg = Ad-Hoc|iPhoneSimulator
		{FDFC5E63-9710-4816-A7C0-64EE247740AD}.Ad-Hoc|iPhoneSimulator.Build.0 = Ad-Hoc|iPhoneSimulator
		{FDFC5E63-9710-4816-A7C0-64EE247740AD}.Ad-Hoc|iPhoneSimulator.Deploy.0 = Ad-Hoc|iPhoneSimulator
		{FDFC5E63-9710-4816-A7C0-64EE247740AD}.Ad-Hoc|x64.ActiveCfg = Ad-Hoc|iPhone
		{FDFC5E63-9710-4816-A7C0-64EE247740AD}.Ad-Hoc|x64.Build.0 = Ad-Hoc|iPhone
		{FDFC5E63-9710-4816-A7C0-64EE247740AD}.Ad-Hoc|x64.Deploy.0 = Ad-Hoc|iPhone
		{FDFC5E63-9710-4816-A7C0-64EE247740AD}.Ad-Hoc|x86.ActiveCfg = Ad-Hoc|iPhone
		{FDFC5E63-9710-4816-A7C0-64EE247740AD}.Ad-Hoc|x86.Build.0 = Ad-Hoc|iPhone
		{FDFC5E63-9710-4816-A7C0-64EE247740AD}.Ad-Hoc|x86.Deploy.0 = Ad-Hoc|iPhone
		{FDFC5E63-9710-4816-A7C0-64EE247740AD}.AppStore|Any CPU.ActiveCfg = AppStore|iPhone
		{FDFC5E63-9710-4816-A7C0-64EE247740AD}.AppStore|Any CPU.Build.0 = AppStore|iPhone
		{FDFC5E63-9710-4816-A7C0-64EE247740AD}.AppStore|Any CPU.Deploy.0 = AppStore|iPhone
		{FDFC5E63-9710-4816-A7C0-64EE247740AD}.AppStore|ARM.ActiveCfg = AppStore|iPhone
		{FDFC5E63-9710-4816-A7C0-64EE247740AD}.AppStore|ARM.Build.0 = AppStore|iPhone
		{FDFC5E63-9710-4816-A7C0-64EE247740AD}.AppStore|ARM.Deploy.0 = AppStore|iPhone
		{FDFC5E63-9710-4816-A7C0-64EE247740AD}.AppStore|iPhone.ActiveCfg = AppStore|iPhone
		{FDFC5E63-9710-4816-A7C0-64EE247740AD}.AppStore|iPhone.Build.0 = AppStore|iPhone
		{FDFC5E63-9710-4816-A7C0-64EE247740AD}.AppStore|iPhone.Deploy.0 = AppStore|iPhone
		{FDFC5E63-9710-4816-A7C0-64EE247740AD}.AppStore|iPhoneSimulator.ActiveCfg = AppStore|iPhoneSimulator
		{FDFC5E63-9710-4816-A7C0-64EE247740AD}.AppStore|iPhoneSimulator.Build.0 = AppStore|iPhoneSimulator
		{FDFC5E63-9710-4816-A7C0-64EE247740AD}.AppStore|iPhoneSimulator.Deploy.0 = AppStore|iPhoneSimulator
		{FDFC5E63-9710-4816-A7C0-64EE247740AD}.AppStore|x64.ActiveCfg = AppStore|iPhone
		{FDFC5E63-9710-4816-A7C0-64EE247740AD}.AppStore|x64.Build.0 = AppStore|iPhone
		{FDFC5E63-9710-4816-A7C0-64EE247740AD}.AppStore|x64.Deploy.0 = AppStore|iPhone
		{FDFC5E63-9710-4816-A7C0-64EE247740AD}.AppStore|x86.ActiveCfg = AppStore|iPhone
		{FDFC5E63-9710-4816-A7C0-64EE247740AD}.AppStore|x86.Build.0 = AppStore|iPhone
		{FDFC5E63-9710-4816-A7C0-64EE247740AD}.AppStore|x86.Deploy.0 = AppStore|iPhone
		{FDFC5E63-9710-4816-A7C0-64EE247740AD}.Debug|Any CPU.ActiveCfg = Debug|iPhoneSimulator
		{FDFC5E63-9710-4816-A7C0-64EE247740AD}.Debug|Any CPU.Build.0 = Debug|iPhoneSimulator
		{FDFC5E63-9710-4816-A7C0-64EE247740AD}.Debug|Any CPU.Deploy.0 = Debug|iPhoneSimulator
		{FDFC5E63-9710-4816-A7C0-64EE247740AD}.Debug|ARM.ActiveCfg = Debug|iPhone
		{FDFC5E63-9710-4816-A7C0-64EE247740AD}.Debug|ARM.Build.0 = Debug|iPhone
		{FDFC5E63-9710-4816-A7C0-64EE247740AD}.Debug|ARM.Deploy.0 = Debug|iPhone
		{FDFC5E63-9710-4816-A7C0-64EE247740AD}.Debug|iPhone.ActiveCfg = Debug|iPhone
		{FDFC5E63-9710-4816-A7C0-64EE247740AD}.Debug|iPhone.Build.0 = Debug|iPhone
		{FDFC5E63-9710-4816-A7C0-64EE247740AD}.Debug|iPhone.Deploy.0 = Debug|iPhone
		{FDFC5E63-9710-4816-A7C0-64EE247740AD}.Debug|iPhoneSimulator.ActiveCfg = Debug|iPhoneSimulator
		{FDFC5E63-9710-4816-A7C0-64EE247740AD}.Debug|iPhoneSimulator.Build.0 = Debug|iPhoneSimulator
		{FDFC5E63-9710-4816-A7C0-64EE247740AD}.Debug|iPhoneSimulator.Deploy.0 = Debug|iPhoneSimulator
		{FDFC5E63-9710-4816-A7C0-64EE247740AD}.Debug|x64.ActiveCfg = Debug|iPhone
		{FDFC5E63-9710-4816-A7C0-64EE247740AD}.Debug|x64.Build.0 = Debug|iPhone
		{FDFC5E63-9710-4816-A7C0-64EE247740AD}.Debug|x64.Deploy.0 = Debug|iPhone
		{FDFC5E63-9710-4816-A7C0-64EE247740AD}.Debug|x86.ActiveCfg = Debug|iPhone
		{FDFC5E63-9710-4816-A7C0-64EE247740AD}.Debug|x86.Build.0 = Debug|iPhone
		{FDFC5E63-9710-4816-A7C0-64EE247740AD}.Debug|x86.Deploy.0 = Debug|iPhone
		{FDFC5E63-9710-4816-A7C0-64EE247740AD}.Release|Any CPU.ActiveCfg = Release|iPhone
		{FDFC5E63-9710-4816-A7C0-64EE247740AD}.Release|Any CPU.Build.0 = Release|iPhone
		{FDFC5E63-9710-4816-A7C0-64EE247740AD}.Release|Any CPU.Deploy.0 = Release|iPhone
		{FDFC5E63-9710-4816-A7C0-64EE247740AD}.Release|ARM.ActiveCfg = Release|iPhone
		{FDFC5E63-9710-4816-A7C0-64EE247740AD}.Release|ARM.Build.0 = Release|iPhone
		{FDFC5E63-9710-4816-A7C0-64EE247740AD}.Release|ARM.Deploy.0 = Release|iPhone
		{FDFC5E63-9710-4816-A7C0-64EE247740AD}.Release|iPhone.ActiveCfg = Release|iPhone
		{FDFC5E63-9710-4816-A7C0-64EE247740AD}.Release|iPhone.Build.0 = Release|iPhone
		{FDFC5E63-9710-4816-A7C0-64EE247740AD}.Release|iPhone.Deploy.0 = Release|iPhone
		{FDFC5E63-9710-4816-A7C0-64EE247740AD}.Release|iPhoneSimulator.ActiveCfg = Release|iPhoneSimulator
		{FDFC5E63-9710-4816-A7C0-64EE247740AD}.Release|iPhoneSimulator.Build.0 = Release|iPhoneSimulator
		{FDFC5E63-9710-4816-A7C0-64EE247740AD}.Release|iPhoneSimulator.Deploy.0 = Release|iPhoneSimulator
		{FDFC5E63-9710-4816-A7C0-64EE247740AD}.Release|x64.ActiveCfg = Release|iPhone
		{FDFC5E63-9710-4816-A7C0-64EE247740AD}.Release|x64.Build.0 = Release|iPhone
		{FDFC5E63-9710-4816-A7C0-64EE247740AD}.Release|x64.Deploy.0 = Release|iPhone
		{FDFC5E63-9710-4816-A7C0-64EE247740AD}.Release|x86.ActiveCfg = Release|iPhone
		{FDFC5E63-9710-4816-A7C0-64EE247740AD}.Release|x86.Build.0 = Release|iPhone
		{FDFC5E63-9710-4816-A7C0-64EE247740AD}.Release|x86.Deploy.0 = Release|iPhone
		{52377424-E554-4D9E-8116-47FB2C36528B}.Ad-Hoc|Any CPU.ActiveCfg = Release|x86
		{52377424-E554-4D9E-8116-47FB2C36528B}.Ad-Hoc|Any CPU.Build.0 = Release|x86
		{52377424-E554-4D9E-8116-47FB2C36528B}.Ad-Hoc|Any CPU.Deploy.0 = Release|x86
		{52377424-E554-4D9E-8116-47FB2C36528B}.Ad-Hoc|ARM.ActiveCfg = Release|ARM
		{52377424-E554-4D9E-8116-47FB2C36528B}.Ad-Hoc|ARM.Build.0 = Release|ARM
		{52377424-E554-4D9E-8116-47FB2C36528B}.Ad-Hoc|ARM.Deploy.0 = Release|ARM
		{52377424-E554-4D9E-8116-47FB2C36528B}.Ad-Hoc|iPhone.ActiveCfg = Release|x86
		{52377424-E554-4D9E-8116-47FB2C36528B}.Ad-Hoc|iPhone.Build.0 = Release|x86
		{52377424-E554-4D9E-8116-47FB2C36528B}.Ad-Hoc|iPhone.Deploy.0 = Release|x86
		{52377424-E554-4D9E-8116-47FB2C36528B}.Ad-Hoc|iPhoneSimulator.ActiveCfg = Release|x86
		{52377424-E554-4D9E-8116-47FB2C36528B}.Ad-Hoc|iPhoneSimulator.Build.0 = Release|x86
		{52377424-E554-4D9E-8116-47FB2C36528B}.Ad-Hoc|iPhoneSimulator.Deploy.0 = Release|x86
		{52377424-E554-4D9E-8116-47FB2C36528B}.Ad-Hoc|x64.ActiveCfg = Release|x64
		{52377424-E554-4D9E-8116-47FB2C36528B}.Ad-Hoc|x64.Build.0 = Release|x64
		{52377424-E554-4D9E-8116-47FB2C36528B}.Ad-Hoc|x64.Deploy.0 = Release|x64
		{52377424-E554-4D9E-8116-47FB2C36528B}.Ad-Hoc|x86.ActiveCfg = Release|x86
		{52377424-E554-4D9E-8116-47FB2C36528B}.Ad-Hoc|x86.Build.0 = Release|x86
		{52377424-E554-4D9E-8116-47FB2C36528B}.Ad-Hoc|x86.Deploy.0 = Release|x86
		{52377424-E554-4D9E-8116-47FB2C36528B}.AppStore|Any CPU.ActiveCfg = Release|x86
		{52377424-E554-4D9E-8116-47FB2C36528B}.AppStore|Any CPU.Build.0 = Release|x86
		{52377424-E554-4D9E-8116-47FB2C36528B}.AppStore|Any CPU.Deploy.0 = Release|x86
		{52377424-E554-4D9E-8116-47FB2C36528B}.AppStore|ARM.ActiveCfg = Release|ARM
		{52377424-E554-4D9E-8116-47FB2C36528B}.AppStore|ARM.Build.0 = Release|ARM
		{52377424-E554-4D9E-8116-47FB2C36528B}.AppStore|ARM.Deploy.0 = Release|ARM
		{52377424-E554-4D9E-8116-47FB2C36528B}.AppStore|iPhone.ActiveCfg = Release|x86
		{52377424-E554-4D9E-8116-47FB2C36528B}.AppStore|iPhone.Build.0 = Release|x86
		{52377424-E554-4D9E-8116-47FB2C36528B}.AppStore|iPhone.Deploy.0 = Release|x86
		{52377424-E554-4D9E-8116-47FB2C36528B}.AppStore|iPhoneSimulator.ActiveCfg = Release|x86
		{52377424-E554-4D9E-8116-47FB2C36528B}.AppStore|iPhoneSimulator.Build.0 = Release|x86
		{52377424-E554-4D9E-8116-47FB2C36528B}.AppStore|iPhoneSimulator.Deploy.0 = Release|x86
		{52377424-E554-4D9E-8116-47FB2C36528B}.AppStore|x64.ActiveCfg = Release|x64
		{52377424-E554-4D9E-8116-47FB2C36528B}.AppStore|x64.Build.0 = Release|x64
		{52377424-E554-4D9E-8116-47FB2C36528B}.AppStore|x64.Deploy.0 = Release|x64
		{52377424-E554-4D9E-8116-47FB2C36528B}.AppStore|x86.ActiveCfg = Release|x86
		{52377424-E554-4D9E-8116-47FB2C36528B}.AppStore|x86.Build.0 = Release|x86
		{52377424-E554-4D9E-8116-47FB2C36528B}.AppStore|x86.Deploy.0 = Release|x86
		{52377424-E554-4D9E-8116-47FB2C36528B}.Debug|Any CPU.ActiveCfg = Debug|x86
		{52377424-E554-4D9E-8116-47FB2C36528B}.Debug|Any CPU.Build.0 = Debug|x86
		{52377424-E554-4D9E-8116-47FB2C36528B}.Debug|Any CPU.Deploy.0 = Debug|x86
		{52377424-E554-4D9E-8116-47FB2C36528B}.Debug|ARM.ActiveCfg = Debug|ARM
		{52377424-E554-4D9E-8116-47FB2C36528B}.Debug|ARM.Build.0 = Debug|ARM
		{52377424-E554-4D9E-8116-47FB2C36528B}.Debug|ARM.Deploy.0 = Debug|ARM
		{52377424-E554-4D9E-8116-47FB2C36528B}.Debug|iPhone.ActiveCfg = Debug|x86
		{52377424-E554-4D9E-8116-47FB2C36528B}.Debug|iPhone.Build.0 = Debug|x86
		{52377424-E554-4D9E-8116-47FB2C36528B}.Debug|iPhone.Deploy.0 = Debug|x86
		{52377424-E554-4D9E-8116-47FB2C36528B}.Debug|iPhoneSimulator.ActiveCfg = Debug|x86
		{52377424-E554-4D9E-8116-47FB2C36528B}.Debug|iPhoneSimulator.Build.0 = Debug|x86
		{52377424-E554-4D9E-8116-47FB2C36528B}.Debug|iPhoneSimulator.Deploy.0 = Debug|x86
		{52377424-E554-4D9E-8116-47FB2C36528B}.Debug|x64.ActiveCfg = Debug|x64
		{52377424-E554-4D9E-8116-47FB2C36528B}.Debug|x64.Build.0 = Debug|x64
		{52377424-E554-4D9E-8116-47FB2C36528B}.Debug|x64.Deploy.0 = Debug|x64
		{52377424-E554-4D9E-8116-47FB2C36528B}.Debug|x86.ActiveCfg = Debug|x86
		{52377424-E554-4D9E-8116-47FB2C36528B}.Debug|x86.Build.0 = Debug|x86
		{52377424-E554-4D9E-8116-47FB2C36528B}.Debug|x86.Deploy.0 = Debug|x86
		{52377424-E554-4D9E-8116-47FB2C36528B}.Release|Any CPU.ActiveCfg = Release|x86
		{52377424-E554-4D9E-8116-47FB2C36528B}.Release|Any CPU.Build.0 = Release|x86
		{52377424-E554-4D9E-8116-47FB2C36528B}.Release|Any CPU.Deploy.0 = Release|x86
		{52377424-E554-4D9E-8116-47FB2C36528B}.Release|ARM.ActiveCfg = Release|ARM
		{52377424-E554-4D9E-8116-47FB2C36528B}.Release|ARM.Build.0 = Release|ARM
		{52377424-E554-4D9E-8116-47FB2C36528B}.Release|ARM.Deploy.0 = Release|ARM
		{52377424-E554-4D9E-8116-47FB2C36528B}.Release|iPhone.ActiveCfg = Release|x86
		{52377424-E554-4D9E-8116-47FB2C36528B}.Release|iPhone.Build.0 = Release|x86
		{52377424-E554-4D9E-8116-47FB2C36528B}.Release|iPhone.Deploy.0 = Release|x86
		{52377424-E554-4D9E-8116-47FB2C36528B}.Release|iPhoneSimulator.ActiveCfg = Release|x86
		{52377424-E554-4D9E-8116-47FB2C36528B}.Release|iPhoneSimulator.Build.0 = Release|x86
		{52377424-E554-4D9E-8116-47FB2C36528B}.Release|iPhoneSimulator.Deploy.0 = Release|x86
		{52377424-E554-4D9E-8116-47FB2C36528B}.Release|x64.ActiveCfg = Release|x64
		{52377424-E554-4D9E-8116-47FB2C36528B}.Release|x64.Build.0 = Release|x64
		{52377424-E554-4D9E-8116-47FB2C36528B}.Release|x64.Deploy.0 = Release|x64
		{52377424-E554-4D9E-8116-47FB2C36528B}.Release|x86.ActiveCfg = Release|x86
		{52377424-E554-4D9E-8116-47FB2C36528B}.Release|x86.Build.0 = Release|x86
		{52377424-E554-4D9E-8116-47FB2C36528B}.Release|x86.Deploy.0 = Release|x86
		{8A6632BF-4893-4EB7-9F21-0E8FE407FFE0}.Ad-Hoc|Any CPU.ActiveCfg = Debug|Any CPU
		{8A6632BF-4893-4EB7-9F21-0E8FE407FFE0}.Ad-Hoc|Any CPU.Build.0 = Debug|Any CPU
		{8A6632BF-4893-4EB7-9F21-0E8FE407FFE0}.Ad-Hoc|Any CPU.Deploy.0 = Debug|Any CPU
		{8A6632BF-4893-4EB7-9F21-0E8FE407FFE0}.Ad-Hoc|ARM.ActiveCfg = Debug|Any CPU
		{8A6632BF-4893-4EB7-9F21-0E8FE407FFE0}.Ad-Hoc|ARM.Build.0 = Debug|Any CPU
		{8A6632BF-4893-4EB7-9F21-0E8FE407FFE0}.Ad-Hoc|ARM.Deploy.0 = Debug|Any CPU
		{8A6632BF-4893-4EB7-9F21-0E8FE407FFE0}.Ad-Hoc|iPhone.ActiveCfg = Debug|Any CPU
		{8A6632BF-4893-4EB7-9F21-0E8FE407FFE0}.Ad-Hoc|iPhone.Build.0 = Debug|Any CPU
		{8A6632BF-4893-4EB7-9F21-0E8FE407FFE0}.Ad-Hoc|iPhone.Deploy.0 = Debug|Any CPU
		{8A6632BF-4893-4EB7-9F21-0E8FE407FFE0}.Ad-Hoc|iPhoneSimulator.ActiveCfg = Debug|Any CPU
		{8A6632BF-4893-4EB7-9F21-0E8FE407FFE0}.Ad-Hoc|iPhoneSimulator.Build.0 = Debug|Any CPU
		{8A6632BF-4893-4EB7-9F21-0E8FE407FFE0}.Ad-Hoc|iPhoneSimulator.Deploy.0 = Debug|Any CPU
		{8A6632BF-4893-4EB7-9F21-0E8FE407FFE0}.Ad-Hoc|x64.ActiveCfg = Debug|Any CPU
		{8A6632BF-4893-4EB7-9F21-0E8FE407FFE0}.Ad-Hoc|x64.Build.0 = Debug|Any CPU
		{8A6632BF-4893-4EB7-9F21-0E8FE407FFE0}.Ad-Hoc|x64.Deploy.0 = Debug|Any CPU
		{8A6632BF-4893-4EB7-9F21-0E8FE407FFE0}.Ad-Hoc|x86.ActiveCfg = Debug|Any CPU
		{8A6632BF-4893-4EB7-9F21-0E8FE407FFE0}.Ad-Hoc|x86.Build.0 = Debug|Any CPU
		{8A6632BF-4893-4EB7-9F21-0E8FE407FFE0}.Ad-Hoc|x86.Deploy.0 = Debug|Any CPU
		{8A6632BF-4893-4EB7-9F21-0E8FE407FFE0}.AppStore|Any CPU.ActiveCfg = Debug|Any CPU
		{8A6632BF-4893-4EB7-9F21-0E8FE407FFE0}.AppStore|Any CPU.Build.0 = Debug|Any CPU
		{8A6632BF-4893-4EB7-9F21-0E8FE407FFE0}.AppStore|Any CPU.Deploy.0 = Debug|Any CPU
		{8A6632BF-4893-4EB7-9F21-0E8FE407FFE0}.AppStore|ARM.ActiveCfg = Debug|Any CPU
		{8A6632BF-4893-4EB7-9F21-0E8FE407FFE0}.AppStore|ARM.Build.0 = Debug|Any CPU
		{8A6632BF-4893-4EB7-9F21-0E8FE407FFE0}.AppStore|ARM.Deploy.0 = Debug|Any CPU
		{8A6632BF-4893-4EB7-9F21-0E8FE407FFE0}.AppStore|iPhone.ActiveCfg = Debug|Any CPU
		{8A6632BF-4893-4EB7-9F21-0E8FE407FFE0}.AppStore|iPhone.Build.0 = Debug|Any CPU
		{8A6632BF-4893-4EB7-9F21-0E8FE407FFE0}.AppStore|iPhone.Deploy.0 = Debug|Any CPU
		{8A6632BF-4893-4EB7-9F21-0E8FE407FFE0}.AppStore|iPhoneSimulator.ActiveCfg = Debug|Any CPU
		{8A6632BF-4893-4EB7-9F21-0E8FE407FFE0}.AppStore|iPhoneSimulator.Build.0 = Debug|Any CPU
		{8A6632BF-4893-4EB7-9F21-0E8FE407FFE0}.AppStore|iPhoneSimulator.Deploy.0 = Debug|Any CPU
		{8A6632BF-4893-4EB7-9F21-0E8FE407FFE0}.AppStore|x64.ActiveCfg = Debug|Any CPU
		{8A6632BF-4893-4EB7-9F21-0E8FE407FFE0}.AppStore|x64.Build.0 = Debug|Any CPU
		{8A6632BF-4893-4EB7-9F21-0E8FE407FFE0}.AppStore|x64.Deploy.0 = Debug|Any CPU
		{8A6632BF-4893-4EB7-9F21-0E8FE407FFE0}.AppStore|x86.ActiveCfg = Debug|Any CPU
		{8A6632BF-4893-4EB7-9F21-0E8FE407FFE0}.AppStore|x86.Build.0 = Debug|Any CPU
		{8A6632BF-4893-4EB7-9F21-0E8FE407FFE0}.AppStore|x86.Deploy.0 = Debug|Any CPU
		{8A6632BF-4893-4EB7-9F21-0E8FE407FFE0}.Debug|Any CPU.ActiveCfg = Debug|Any CPU
		{8A6632BF-4893-4EB7-9F21-0E8FE407FFE0}.Debug|Any CPU.Build.0 = Debug|Any CPU
		{8A6632BF-4893-4EB7-9F21-0E8FE407FFE0}.Debug|Any CPU.Deploy.0 = Debug|Any CPU
		{8A6632BF-4893-4EB7-9F21-0E8FE407FFE0}.Debug|ARM.ActiveCfg = Debug|Any CPU
		{8A6632BF-4893-4EB7-9F21-0E8FE407FFE0}.Debug|ARM.Build.0 = Debug|Any CPU
		{8A6632BF-4893-4EB7-9F21-0E8FE407FFE0}.Debug|ARM.Deploy.0 = Debug|Any CPU
		{8A6632BF-4893-4EB7-9F21-0E8FE407FFE0}.Debug|iPhone.ActiveCfg = Debug|Any CPU
		{8A6632BF-4893-4EB7-9F21-0E8FE407FFE0}.Debug|iPhone.Build.0 = Debug|Any CPU
		{8A6632BF-4893-4EB7-9F21-0E8FE407FFE0}.Debug|iPhone.Deploy.0 = Debug|Any CPU
		{8A6632BF-4893-4EB7-9F21-0E8FE407FFE0}.Debug|iPhoneSimulator.ActiveCfg = Debug|Any CPU
		{8A6632BF-4893-4EB7-9F21-0E8FE407FFE0}.Debug|iPhoneSimulator.Build.0 = Debug|Any CPU
		{8A6632BF-4893-4EB7-9F21-0E8FE407FFE0}.Debug|iPhoneSimulator.Deploy.0 = Debug|Any CPU
		{8A6632BF-4893-4EB7-9F21-0E8FE407FFE0}.Debug|x64.ActiveCfg = Debug|Any CPU
		{8A6632BF-4893-4EB7-9F21-0E8FE407FFE0}.Debug|x64.Build.0 = Debug|Any CPU
		{8A6632BF-4893-4EB7-9F21-0E8FE407FFE0}.Debug|x64.Deploy.0 = Debug|Any CPU
		{8A6632BF-4893-4EB7-9F21-0E8FE407FFE0}.Debug|x86.ActiveCfg = Debug|Any CPU
		{8A6632BF-4893-4EB7-9F21-0E8FE407FFE0}.Debug|x86.Build.0 = Debug|Any CPU
		{8A6632BF-4893-4EB7-9F21-0E8FE407FFE0}.Debug|x86.Deploy.0 = Debug|Any CPU
		{8A6632BF-4893-4EB7-9F21-0E8FE407FFE0}.Release|Any CPU.ActiveCfg = Release|Any CPU
		{8A6632BF-4893-4EB7-9F21-0E8FE407FFE0}.Release|Any CPU.Build.0 = Release|Any CPU
		{8A6632BF-4893-4EB7-9F21-0E8FE407FFE0}.Release|Any CPU.Deploy.0 = Release|Any CPU
		{8A6632BF-4893-4EB7-9F21-0E8FE407FFE0}.Release|ARM.ActiveCfg = Release|Any CPU
		{8A6632BF-4893-4EB7-9F21-0E8FE407FFE0}.Release|ARM.Build.0 = Release|Any CPU
		{8A6632BF-4893-4EB7-9F21-0E8FE407FFE0}.Release|ARM.Deploy.0 = Release|Any CPU
		{8A6632BF-4893-4EB7-9F21-0E8FE407FFE0}.Release|iPhone.ActiveCfg = Release|Any CPU
		{8A6632BF-4893-4EB7-9F21-0E8FE407FFE0}.Release|iPhone.Build.0 = Release|Any CPU
		{8A6632BF-4893-4EB7-9F21-0E8FE407FFE0}.Release|iPhone.Deploy.0 = Release|Any CPU
		{8A6632BF-4893-4EB7-9F21-0E8FE407FFE0}.Release|iPhoneSimulator.ActiveCfg = Release|Any CPU
		{8A6632BF-4893-4EB7-9F21-0E8FE407FFE0}.Release|iPhoneSimulator.Build.0 = Release|Any CPU
		{8A6632BF-4893-4EB7-9F21-0E8FE407FFE0}.Release|iPhoneSimulator.Deploy.0 = Release|Any CPU
		{8A6632BF-4893-4EB7-9F21-0E8FE407FFE0}.Release|x64.ActiveCfg = Release|Any CPU
		{8A6632BF-4893-4EB7-9F21-0E8FE407FFE0}.Release|x64.Build.0 = Release|Any CPU
		{8A6632BF-4893-4EB7-9F21-0E8FE407FFE0}.Release|x64.Deploy.0 = Release|Any CPU
		{8A6632BF-4893-4EB7-9F21-0E8FE407FFE0}.Release|x86.ActiveCfg = Release|Any CPU
		{8A6632BF-4893-4EB7-9F21-0E8FE407FFE0}.Release|x86.Build.0 = Release|Any CPU
		{8A6632BF-4893-4EB7-9F21-0E8FE407FFE0}.Release|x86.Deploy.0 = Release|Any CPU
	EndGlobalSection
	GlobalSection(SolutionProperties) = preSolution
		HideSolutionNode = FALSE
	EndGlobalSection
	GlobalSection(ExtensibilityGlobals) = postSolution
		SolutionGuid = {E32EC8FA-F0BE-4172-B119-C9281EF167C5}
	EndGlobalSection
EndGlobal
